
Microsoft Visual Studio Solution File, Format Version 12.00
# Visual Studio Version 17
VisualStudioVersion = 17.14.36221.1
MinimumVisualStudioVersion = 10.0.40219.1
Project("{2150E333-8FDC-42A3-9474-1A3956D46DE8}") = "Hosting", "Hosting", "{02EA681E-C7D8-13C7-8484-4AC65E1B71E8}"
EndProject
Project("{2150E333-8FDC-42A3-9474-1A3956D46DE8}") = "Core", "Core", "{8F4CB8DE-2CE2-41EE-85FA-E79C54374DB8}"
EndProject
Project("{2150E333-8FDC-42A3-9474-1A3956D46DE8}") = "src", "src", "{369CB01D-A1A7-72D2-AABC-3F0945D148A2}"
	ProjectSection(SolutionItems) = preProject
		.dockerignore = .dockerignore
	EndProjectSection
EndProject
Project("{2150E333-8FDC-42A3-9474-1A3956D46DE8}") = "Infrastructure", "Infrastructure", "{6DD911E7-6D9E-4597-83CA-4CDF96160F18}"
EndProject
Project("{FAE04EC0-301F-11D3-BF4B-00C04F79EFBC}") = "CoreLib", "CoreLib\CoreLib.csproj", "{8C383D25-DD12-4A24-9CDB-63D9223770BF}"
EndProject
Project("{FAE04EC0-301F-11D3-BF4B-00C04F79EFBC}") = "CommonLib", "CommonLib\CommonLib.csproj", "{D4058D02-1A0C-4D56-A37F-F72BAC751011}"
EndProject
Project("{FAE04EC0-301F-11D3-BF4B-00C04F79EFBC}") = "DataServiceLib", "DataServiceLib\DataServiceLib.csproj", "{1FC5678D-9902-48C7-938B-657CBA772F47}"
EndProject
Project("{FAE04EC0-301F-11D3-BF4B-00C04F79EFBC}") = "Server", "Server\Server.csproj", "{713FE1C8-6CDB-462B-9E8E-83DE52E42993}"
EndProject
Project("{FAE04EC0-301F-11D3-BF4B-00C04F79EFBC}") = "WebBrowser", "WebBrowser\WebBrowser.csproj", "{FA6DD14C-7973-4B5B-9BB6-4C906B40AB52}"
EndProject
Project("{E53339B2-1760-4266-BCC7-CA923CBCF16C}") = "docker-compose", "docker-compose.dcproj", "{81DDED9D-158B-E303-5F62-77A2896D2A5A}"
EndProject
Global
	GlobalSection(SolutionConfigurationPlatforms) = preSolution
		Debug|Any CPU = Debug|Any CPU
		Release|Any CPU = Release|Any CPU
	EndGlobalSection
	GlobalSection(ProjectConfigurationPlatforms) = postSolution
		{8C383D25-DD12-4A24-9CDB-63D9223770BF}.Debug|Any CPU.ActiveCfg = Debug|Any CPU
		{8C383D25-DD12-4A24-9CDB-63D9223770BF}.Debug|Any CPU.Build.0 = Debug|Any CPU
		{8C383D25-DD12-4A24-9CDB-63D9223770BF}.Release|Any CPU.ActiveCfg = Release|Any CPU
		{8C383D25-DD12-4A24-9CDB-63D9223770BF}.Release|Any CPU.Build.0 = Release|Any CPU
		{D4058D02-1A0C-4D56-A37F-F72BAC751011}.Debug|Any CPU.ActiveCfg = Debug|Any CPU
		{D4058D02-1A0C-4D56-A37F-F72BAC751011}.Debug|Any CPU.Build.0 = Debug|Any CPU
		{D4058D02-1A0C-4D56-A37F-F72BAC751011}.Release|Any CPU.ActiveCfg = Release|Any CPU
		{D4058D02-1A0C-4D56-A37F-F72BAC751011}.Release|Any CPU.Build.0 = Release|Any CPU
		{1FC5678D-9902-48C7-938B-657CBA772F47}.Debug|Any CPU.ActiveCfg = Debug|Any CPU
		{1FC5678D-9902-48C7-938B-657CBA772F47}.Debug|Any CPU.Build.0 = Debug|Any CPU
		{1FC5678D-9902-48C7-938B-657CBA772F47}.Release|Any CPU.ActiveCfg = Release|Any CPU
		{1FC5678D-9902-48C7-938B-657CBA772F47}.Release|Any CPU.Build.0 = Release|Any CPU
		{713FE1C8-6CDB-462B-9E8E-83DE52E42993}.Debug|Any CPU.ActiveCfg = Debug|Any CPU
		{713FE1C8-6CDB-462B-9E8E-83DE52E42993}.Debug|Any CPU.Build.0 = Debug|Any CPU
		{713FE1C8-6CDB-462B-9E8E-83DE52E42993}.Release|Any CPU.ActiveCfg = Release|Any CPU
		{713FE1C8-6CDB-462B-9E8E-83DE52E42993}.Release|Any CPU.Build.0 = Release|Any CPU
		{FA6DD14C-7973-4B5B-9BB6-4C906B40AB52}.Debug|Any CPU.ActiveCfg = Debug|Any CPU
		{FA6DD14C-7973-4B5B-9BB6-4C906B40AB52}.Debug|Any CPU.Build.0 = Debug|Any CPU
		{FA6DD14C-7973-4B5B-9BB6-4C906B40AB52}.Release|Any CPU.ActiveCfg = Release|Any CPU
		{FA6DD14C-7973-4B5B-9BB6-4C906B40AB52}.Release|Any CPU.Build.0 = Release|Any CPU
		{81DDED9D-158B-E303-5F62-77A2896D2A5A}.Debug|Any CPU.ActiveCfg = Debug|Any CPU
		{81DDED9D-158B-E303-5F62-77A2896D2A5A}.Debug|Any CPU.Build.0 = Debug|Any CPU
		{81DDED9D-158B-E303-5F62-77A2896D2A5A}.Release|Any CPU.ActiveCfg = Release|Any CPU
		{81DDED9D-158B-E303-5F62-77A2896D2A5A}.Release|Any CPU.Build.0 = Release|Any CPU
	EndGlobalSection
	GlobalSection(SolutionProperties) = preSolution
		HideSolutionNode = FALSE
	EndGlobalSection
	GlobalSection(NestedProjects) = preSolution
		{02EA681E-C7D8-13C7-8484-4AC65E1B71E8} = {369CB01D-A1A7-72D2-AABC-3F0945D148A2}
		{8F4CB8DE-2CE2-41EE-85FA-E79C54374DB8} = {369CB01D-A1A7-72D2-AABC-3F0945D148A2}
		{6DD911E7-6D9E-4597-83CA-4CDF96160F18} = {369CB01D-A1A7-72D2-AABC-3F0945D148A2}
		{8C383D25-DD12-4A24-9CDB-63D9223770BF} = {8F4CB8DE-2CE2-41EE-85FA-E79C54374DB8}
		{D4058D02-1A0C-4D56-A37F-F72BAC751011} = {6DD911E7-6D9E-4597-83CA-4CDF96160F18}
		{1FC5678D-9902-48C7-938B-657CBA772F47} = {6DD911E7-6D9E-4597-83CA-4CDF96160F18}
		{713FE1C8-6CDB-462B-9E8E-83DE52E42993} = {02EA681E-C7D8-13C7-8484-4AC65E1B71E8}
		{FA6DD14C-7973-4B5B-9BB6-4C906B40AB52} = {02EA681E-C7D8-13C7-8484-4AC65E1B71E8}
	EndGlobalSection
	GlobalSection(ExtensibilityGlobals) = postSolution
		SolutionGuid = {5883B002-F3E2-4ADF-AD41-99F662DD4D61}
	EndGlobalSection
EndGlobal
